// !$*UTF8*$!
{
	archiveVersion = 1;
	classes = {
	};
	objectVersion = 50;
	objects = {

/* Begin PBXBuildFile section */
		AddTransactionViewController_h_build /* AddTransactionViewController.h in Sources */ = {isa = PBXBuildFile; fileRef = AddTransactionViewController_h /* AddTransactionViewController.h */; };
		AddTransactionViewController_m_build /* AddTransactionViewController.m in Sources */ = {isa = PBXBuildFile; fileRef = AddTransactionViewController_m /* AddTransactionViewController.m */; };
		AndroidMirrorViewController_h_build /* AndroidMirrorViewController.h in Sources */ = {isa = PBXBuildFile; fileRef = AndroidMirrorViewController_h /* AndroidMirrorViewController.h */; };
		AndroidMirrorViewController_m_build /* AndroidMirrorViewController.m in Sources */ = {isa = PBXBuildFile; fileRef = AndroidMirrorViewController_m /* AndroidMirrorViewController.m */; };
		AppDelegate_h_build /* AppDelegate.h in Sources */ = {isa = PBXBuildFile; fileRef = AppDelegate_h /* AppDelegate.h */; };
		AppDelegate_m_build /* AppDelegate.m in Sources */ = {isa = PBXBuildFile; fileRef = AppDelegate_m /* AppDelegate.m */; };
		Category_h_build /* Category.h in Sources */ = {isa = PBXBuildFile; fileRef = Category_h /* Category.h */; };
		Category_m_build /* Category.m in Sources */ = {isa = PBXBuildFile; fileRef = Category_m /* Category.m */; };
		DataManager_h_build /* DataManager.h in Sources */ = {isa = PBXBuildFile; fileRef = DataManager_h /* DataManager.h */; };
		DataManager_m_build /* DataManager.m in Sources */ = {isa = PBXBuildFile; fileRef = DataManager_m /* DataManager.m */; };
		FeedbackViewController_h_build /* FeedbackViewController.h in Sources */ = {isa = PBXBuildFile; fileRef = FeedbackViewController_h /* FeedbackViewController.h */; };
		FeedbackViewController_m_build /* FeedbackViewController.m in Sources */ = {isa = PBXBuildFile; fileRef = FeedbackViewController_m /* FeedbackViewController.m */; };
		LaunchScreen_storyboard_build /* LaunchScreen.storyboard in Resources */ = {isa = PBXBuildFile; fileRef = LaunchScreen_storyboard /* LaunchScreen.storyboard */; };
		MainViewController_h_build /* MainViewController.h in Sources */ = {isa = PBXBuildFile; fileRef = MainViewController_h /* MainViewController.h */; };
		MainViewController_m_build /* MainViewController.m in Sources */ = {isa = PBXBuildFile; fileRef = MainViewController_m /* MainViewController.m */; };
		ProfileViewController_h_build /* ProfileViewController.h in Sources */ = {isa = PBXBuildFile; fileRef = ProfileViewController_h /* ProfileViewController.h */; };
		ProfileViewController_m_build /* ProfileViewController.m in Sources */ = {isa = PBXBuildFile; fileRef = ProfileViewController_m /* ProfileViewController.m */; };
		SceneDelegate_h_build /* SceneDelegate.h in Sources */ = {isa = PBXBuildFile; fileRef = SceneDelegate_h /* SceneDelegate.h */; };
		SceneDelegate_m_build /* SceneDelegate.m in Sources */ = {isa = PBXBuildFile; fileRef = SceneDelegate_m /* SceneDelegate.m */; };
		StoneBookkeepingViewController_h_build /* StoneBookkeepingViewController.h in Sources */ = {isa = PBXBuildFile; fileRef = StoneBookkeepingViewController_h /* StoneBookkeepingViewController.h */; };
		StoneBookkeepingViewController_m_build /* StoneBookkeepingViewController.m in Sources */ = {isa = PBXBuildFile; fileRef = StoneBookkeepingViewController_m /* StoneBookkeepingViewController.m */; };
		Transaction_h_build /* Transaction.h in Sources */ = {isa = PBXBuildFile; fileRef = Transaction_h /* Transaction.h */; };
		Transaction_m_build /* Transaction.m in Sources */ = {isa = PBXBuildFile; fileRef = Transaction_m /* Transaction.m */; };
		main_m_build /* main.m in Sources */ = {isa = PBXBuildFile; fileRef = main_m /* main.m */; };
/* End PBXBuildFile section */

/* Begin PBXFileReference section */
		AddTransactionViewController_h /* AddTransactionViewController.h */ = {isa = PBXFileReference; fileEncoding = 4; lastKnownFileType = sourcecode.c.h; path = AddTransactionViewController.h; sourceTree = "<group>"; };
		AddTransactionViewController_m /* AddTransactionViewController.m */ = {isa = PBXFileReference; fileEncoding = 4; lastKnownFileType = sourcecode.c.objc; path = AddTransactionViewController.m; sourceTree = "<group>"; };
		AndroidMirrorViewController_h /* AndroidMirrorViewController.h */ = {isa = PBXFileReference; fileEncoding = 4; lastKnownFileType = sourcecode.c.h; path = AndroidMirrorViewController.h; sourceTree = "<group>"; };
		AndroidMirrorViewController_m /* AndroidMirrorViewController.m */ = {isa = PBXFileReference; fileEncoding = 4; lastKnownFileType = sourcecode.c.objc; path = AndroidMirrorViewController.m; sourceTree = "<group>"; };
		AppDelegate_h /* AppDelegate.h */ = {isa = PBXFileReference; fileEncoding = 4; lastKnownFileType = sourcecode.c.h; path = AppDelegate.h; sourceTree = "<group>"; };
		AppDelegate_m /* AppDelegate.m */ = {isa = PBXFileReference; fileEncoding = 4; lastKnownFileType = sourcecode.c.objc; path = AppDelegate.m; sourceTree = "<group>"; };
		Category_h /* Category.h */ = {isa = PBXFileReference; fileEncoding = 4; lastKnownFileType = sourcecode.c.h; path = Category.h; sourceTree = "<group>"; };
		Category_m /* Category.m */ = {isa = PBXFileReference; fileEncoding = 4; lastKnownFileType = sourcecode.c.objc; path = Category.m; sourceTree = "<group>"; };
		DataManager_h /* DataManager.h */ = {isa = PBXFileReference; fileEncoding = 4; lastKnownFileType = sourcecode.c.h; path = DataManager.h; sourceTree = "<group>"; };
		DataManager_m /* DataManager.m */ = {isa = PBXFileReference; fileEncoding = 4; lastKnownFileType = sourcecode.c.objc; path = DataManager.m; sourceTree = "<group>"; };
		FeedbackViewController_h /* FeedbackViewController.h */ = {isa = PBXFileReference; fileEncoding = 4; lastKnownFileType = sourcecode.c.h; path = FeedbackViewController.h; sourceTree = "<group>"; };
		FeedbackViewController_m /* FeedbackViewController.m */ = {isa = PBXFileReference; fileEncoding = 4; lastKnownFileType = sourcecode.c.objc; path = FeedbackViewController.m; sourceTree = "<group>"; };
		LaunchScreen_storyboard /* LaunchScreen.storyboard */ = {isa = PBXFileReference; fileEncoding = 4; lastKnownFileType = file.storyboard; path = LaunchScreen.storyboard; sourceTree = "<group>"; };
		LittleStoneBookkeeping_app /* LittleStoneBookkeeping.app */ = {isa = PBXFileReference; explicitFileType = wrapper.application; includeInIndex = 0; path = LittleStoneBookkeeping.app; sourceTree = BUILT_PRODUCTS_DIR; };
		MainViewController_h /* MainViewController.h */ = {isa = PBXFileReference; fileEncoding = 4; lastKnownFileType = sourcecode.c.h; path = MainViewController.h; sourceTree = "<group>"; };
		MainViewController_m /* MainViewController.m */ = {isa = PBXFileReference; fileEncoding = 4; lastKnownFileType = sourcecode.c.objc; path = MainViewController.m; sourceTree = "<group>"; };
		ProfileViewController_h /* ProfileViewController.h */ = {isa = PBXFileReference; fileEncoding = 4; lastKnownFileType = sourcecode.c.h; path = ProfileViewController.h; sourceTree = "<group>"; };
		ProfileViewController_m /* ProfileViewController.m */ = {isa = PBXFileReference; fileEncoding = 4; lastKnownFileType = sourcecode.c.objc; path = ProfileViewController.m; sourceTree = "<group>"; };
		SceneDelegate_h /* SceneDelegate.h */ = {isa = PBXFileReference; fileEncoding = 4; lastKnownFileType = sourcecode.c.h; path = SceneDelegate.h; sourceTree = "<group>"; };
		SceneDelegate_m /* SceneDelegate.m */ = {isa = PBXFileReference; fileEncoding = 4; lastKnownFileType = sourcecode.c.objc; path = SceneDelegate.m; sourceTree = "<group>"; };
		StoneBookkeepingViewController_h /* StoneBookkeepingViewController.h */ = {isa = PBXFileReference; fileEncoding = 4; lastKnownFileType = sourcecode.c.h; path = StoneBookkeepingViewController.h; sourceTree = "<group>"; };
		StoneBookkeepingViewController_m /* StoneBookkeepingViewController.m */ = {isa = PBXFileReference; fileEncoding = 4; lastKnownFileType = sourcecode.c.objc; path = StoneBookkeepingViewController.m; sourceTree = "<group>"; };
		Transaction_h /* Transaction.h */ = {isa = PBXFileReference; fileEncoding = 4; lastKnownFileType = sourcecode.c.h; path = Transaction.h; sourceTree = "<group>"; };
		Transaction_m /* Transaction.m */ = {isa = PBXFileReference; fileEncoding = 4; lastKnownFileType = sourcecode.c.objc; path = Transaction.m; sourceTree = "<group>"; };
		main_m /* main.m */ = {isa = PBXFileReference; fileEncoding = 4; lastKnownFileType = sourcecode.c.objc; path = main.m; sourceTree = "<group>"; };
/* End PBXFileReference section */

/* Begin PBXFrameworksBuildPhase section */
		FrameworksBuildPhase /* Frameworks */ = {
			isa = PBXFrameworksBuildPhase;
			buildActionMask = 2147483647;
			files = (
			);
			runOnlyForDeploymentPostprocessing = 0;
		};
/* End PBXFrameworksBuildPhase section */

/* Begin PBXGroup section */
		35B0127A3A3309C54A433793 /* Frameworks */ = {
			isa = PBXGroup;
			children = (
			);
			name = Frameworks;
			sourceTree = "<group>";
		};
		Group = {
			isa = PBXGroup;
			children = (
				AppDelegate_h /* AppDelegate.h */,
				AppDelegate_m /* AppDelegate.m */,
				SceneDelegate_h /* SceneDelegate.h */,
				SceneDelegate_m /* SceneDelegate.m */,
				MainViewController_h /* MainViewController.h */,
				MainViewController_m /* MainViewController.m */,
				FeedbackViewController_h /* FeedbackViewController.h */,
				FeedbackViewController_m /* FeedbackViewController.m */,
				StoneBookkeepingViewController_h /* StoneBookkeepingViewController.h */,
				StoneBookkeepingViewController_m /* StoneBookkeepingViewController.m */,
				AddTransactionViewController_h /* AddTransactionViewController.h */,
				AddTransactionViewController_m /* AddTransactionViewController.m */,
				DataManager_h /* DataManager.h */,
				DataManager_m /* DataManager.m */,
				AndroidMirrorViewController_h /* AndroidMirrorViewController.h */,
				AndroidMirrorViewController_m /* AndroidMirrorViewController.m */,
				ProfileViewController_h /* ProfileViewController.h */,
				ProfileViewController_m /* ProfileViewController.m */,
				Category_h /* Category.h */,
				Category_m /* Category.m */,
				Transaction_h /* Transaction.h */,
				Transaction_m /* Transaction.m */,
				main_m /* main.m */,
				LaunchScreen_storyboard /* LaunchScreen.storyboard */,
				35B0127A3A3309C54A433793 /* Frameworks */,
			);
			path = LittleStoneBookkeeping;
			sourceTree = "<group>";
		};
		Products /* Products */ = {
			isa = PBXGroup;
			children = (
				LittleStoneBookkeeping_app /* LittleStoneBookkeeping.app */,
			);
			name = Products;
			sourceTree = "<group>";
		};
/* End PBXGroup section */

/* Begin PBXNativeTarget section */
		LittleStoneBookkeeping /* LittleStoneBookkeeping */ = {
			isa = PBXNativeTarget;
			buildConfigurationList = TargetBuildConfigurationList /* Build configuration list for PBXNativeTarget "LittleStoneBookkeeping" */;
			buildPhases = (
				SourcesBuildPhase /* Sources */,
				FrameworksBuildPhase /* Frameworks */,
				ResourcesBuildPhase /* Resources */,
			);
			buildRules = (
			);
			dependencies = (
			);
			name = LittleStoneBookkeeping;
			productName = LittleStoneBookkeeping;
			productReference = LittleStoneBookkeeping_app /* LittleStoneBookkeeping.app */;
			productType = "com.apple.product-type.application";
		};
/* End PBXNativeTarget section */

/* Begin PBXProject section */
		Project /* Project object */ = {
			isa = PBXProject;
			attributes = {
				LastSwiftUpdateCheck = 1200;
				LastUpgradeCheck = 1200;
				TargetAttributes = {
					LittleStoneBookkeeping = {
						CreatedOnToolsVersion = 12.0;
					};
				};
			};
			buildConfigurationList = BuildConfigurationList /* Build configuration list for PBXProject "AnswerMasterPro" */;
			compatibilityVersion = "Xcode 9.3";
			developmentRegion = en;
			hasScannedForEncodings = 0;
			knownRegions = (
				en,
				Base,
			);
			mainGroup = Group;
			productRefGroup = Products /* Products */;
			projectDirPath = "";
			projectRoot = "";
			targets = (
				LittleStoneBookkeeping /* LittleStoneBookkeeping */,
			);
		};
/* End PBXProject section */

/* Begin PBXResourcesBuildPhase section */
		ResourcesBuildPhase /* Resources */ = {
			isa = PBXResourcesBuildPhase;
			buildActionMask = 2147483647;
			files = (
				LaunchScreen_storyboard_build /* LaunchScreen.storyboard in Resources */,
			);
			runOnlyForDeploymentPostprocessing = 0;
		};
/* End PBXResourcesBuildPhase section */

/* Begin PBXShellScriptBuildPhase section */
/* End PBXShellScriptBuildPhase section */

/* Begin PBXSourcesBuildPhase section */
		SourcesBuildPhase /* Sources */ = {
			isa = PBXSourcesBuildPhase;
			buildActionMask = 2147483647;
			files = (
				AppDelegate_m_build /* AppDelegate.m in Sources */,
				SceneDelegate_m_build /* SceneDelegate.m in Sources */,
				MainViewController_m_build /* MainViewController.m in Sources */,
				FeedbackViewController_m_build /* FeedbackViewController.m in Sources */,
				StoneBookkeepingViewController_m_build /* StoneBookkeepingViewController.m in Sources */,
				AddTransactionViewController_m_build /* AddTransactionViewController.m in Sources */,
				DataManager_m_build /* DataManager.m in Sources */,
				AndroidMirrorViewController_m_build /* AndroidMirrorViewController.m in Sources */,
				ProfileViewController_m_build /* ProfileViewController.m in Sources */,
				Category_m_build /* Category.m in Sources */,
				Transaction_m_build /* Transaction.m in Sources */,
				main_m_build /* main.m in Sources */,
			);
			runOnlyForDeploymentPostprocessing = 0;
		};
/* End PBXSourcesBuildPhase section */

/* Begin XCBuildConfiguration section */
		Debug /* Debug */ = {
			isa = XCBuildConfiguration;
			buildSettings = {
				ALWAYS_SEARCH_USER_PATHS = NO;
				CLANG_ANALYZER_NONNULL = YES;
				CLANG_ANALYZER_NUMBER_OBJECT_CONVERSION = YES_AGGRESSIVE;
				CLANG_CXX_LANGUAGE_STANDARD = "gnu++14";
				CLANG_CXX_LIBRARY = "libc++";
				CLANG_ENABLE_MODULES = YES;
				CLANG_ENABLE_OBJC_ARC = YES;
				CLANG_ENABLE_OBJC_WEAK = YES;
				CLANG_WARN_BLOCK_CAPTURE_AUTORELEASING = YES;
				CLANG_WARN_BOOL_CONVERSION = YES;
				CLANG_WARN_COMMA = YES;
				CLANG_WARN_CONSTANT_CONVERSION = YES;
				CLANG_WARN_DEPRECATED_OBJC_IMPLEMENTATIONS = YES;
				CLANG_WARN_DIRECT_OBJC_ISA_USAGE = YES_ERROR;
				CLANG_WARN_DOCUMENTATION_COMMENTS = YES;
				CLANG_WARN_EMPTY_BODY = YES;
				CLANG_WARN_ENUM_CONVERSION = YES;
				CLANG_WARN_INFINITE_RECURSION = YES;
				CLANG_WARN_INT_CONVERSION = YES;
				CLANG_WARN_NON_LITERAL_NULL_CONVERSION = YES;
				CLANG_WARN_OBJC_IMPLICIT_RETAIN_SELF = YES;
				CLANG_WARN_OBJC_LITERAL_CONVERSION = YES;
				CLANG_WARN_OBJC_ROOT_CLASS = YES_ERROR;
				CLANG_WARN_RANGE_LOOP_ANALYSIS = YES;
				CLANG_WARN_STRICT_PROTOTYPES = YES;
				CLANG_WARN_SUSPICIOUS_MOVE = YES;
				CLANG_WARN_UNGUARDED_AVAILABILITY = YES_AGGRESSIVE;
				CLANG_WARN_UNREACHABLE_CODE = YES;
				CLANG_WARN__DUPLICATE_METHOD_MATCH = YES;
				COPY_PHASE_STRIP = NO;
				DEBUG_INFORMATION_FORMAT = dwarf;
				ENABLE_STRICT_OBJC_MSGSEND = YES;
				ENABLE_TESTABILITY = YES;
				GCC_C_LANGUAGE_STANDARD = gnu11;
				GCC_DYNAMIC_NO_PIC = NO;
				GCC_NO_COMMON_BLOCKS = YES;
				GCC_OPTIMIZATION_LEVEL = 0;
				GCC_PREPROCESSOR_DEFINITIONS = (
					"DEBUG=1",
					"$(inherited)",
				);
				GCC_WARN_64_TO_32_BIT_CONVERSION = YES;
				GCC_WARN_ABOUT_RETURN_TYPE = YES_ERROR;
				GCC_WARN_UNDECLARED_SELECTOR = YES;
				GCC_WARN_UNINITIALIZED_AUTOS = YES_AGGRESSIVE;
				GCC_WARN_UNUSED_FUNCTION = YES;
				GCC_WARN_UNUSED_VARIABLE = YES;
				INFOPLIST_FILE = LittleStoneBookkeeping/Info.plist;
				IPHONEOS_DEPLOYMENT_TARGET = 13.0;
				MTL_ENABLE_DEBUG_INFO = INCLUDE_SOURCE;
				MTL_FAST_MATH = YES;
				ONLY_ACTIVE_ARCH = YES;
				PRODUCT_BUNDLE_IDENTIFIER = com.example.LittleStoneBookkeeping;
				PRODUCT_NAME = LittleStoneBookkeeping;
				SDKROOT = iphoneos;
			};
			name = Debug;
		};
		Release /* Release */ = {
			isa = XCBuildConfiguration;
			buildSettings = {
				ALWAYS_SEARCH_USER_PATHS = NO;
				CLANG_ANALYZER_NONNULL = YES;
				CLANG_ANALYZER_NUMBER_OBJECT_CONVERSION = YES_AGGRESSIVE;
				CLANG_CXX_LANGUAGE_STANDARD = "gnu++14";
				CLANG_CXX_LIBRARY = "libc++";
				CLANG_ENABLE_MODULES = YES;
				CLANG_ENABLE_OBJC_ARC = YES;
				CLANG_ENABLE_OBJC_WEAK = YES;
				CLANG_WARN_BLOCK_CAPTURE_AUTORELEASING = YES;
				CLANG_WARN_BOOL_CONVERSION = YES;
				CLANG_WARN_COMMA = YES;
				CLANG_WARN_CONSTANT_CONVERSION = YES;
				CLANG_WARN_DEPRECATED_OBJC_IMPLEMENTATIONS = YES;
				CLANG_WARN_DIRECT_OBJC_ISA_USAGE = YES_ERROR;
				CLANG_WARN_DOCUMENTATION_COMMENTS = YES;
				CLANG_WARN_EMPTY_BODY = YES;
				CLANG_WARN_ENUM_CONVERSION = YES;
				CLANG_WARN_INFINITE_RECURSION = YES;
				CLANG_WARN_INT_CONVERSION = YES;
				CLANG_WARN_NON_LITERAL_NULL_CONVERSION = YES;
				CLANG_WARN_OBJC_IMPLICIT_RETAIN_SELF = YES;
				CLANG_WARN_OBJC_LITERAL_CONVERSION = YES;
				CLANG_WARN_OBJC_ROOT_CLASS = YES_ERROR;
				CLANG_WARN_RANGE_LOOP_ANALYSIS = YES;
				CLANG_WARN_STRICT_PROTOTYPES = YES;
				CLANG_WARN_SUSPICIOUS_MOVE = YES;
				CLANG_WARN_UNGUARDED_AVAILABILITY = YES_AGGRESSIVE;
				CLANG_WARN_UNREACHABLE_CODE = YES;
				CLANG_WARN__DUPLICATE_METHOD_MATCH = YES;
				COPY_PHASE_STRIP = NO;
				DEBUG_INFORMATION_FORMAT = "dwarf-with-dsym";
				ENABLE_NS_ASSERTIONS = NO;
				ENABLE_STRICT_OBJC_MSGSEND = YES;
				GCC_C_LANGUAGE_STANDARD = gnu11;
				GCC_NO_COMMON_BLOCKS = YES;
				GCC_WARN_64_TO_32_BIT_CONVERSION = YES;
				GCC_WARN_ABOUT_RETURN_TYPE = YES_ERROR;
				GCC_WARN_UNDECLARED_SELECTOR = YES;
				GCC_WARN_UNINITIALIZED_AUTOS = YES_AGGRESSIVE;
				GCC_WARN_UNUSED_FUNCTION = YES;
				GCC_WARN_UNUSED_VARIABLE = YES;
				INFOPLIST_FILE = LittleStoneBookkeeping/Info.plist;
				IPHONEOS_DEPLOYMENT_TARGET = 13.0;
				MTL_ENABLE_DEBUG_INFO = NO;
				MTL_FAST_MATH = YES;
				PRODUCT_BUNDLE_IDENTIFIER = com.example.LittleStoneBookkeeping;
				PRODUCT_NAME = LittleStoneBookkeeping;
				SDKROOT = iphoneos;
				VALIDATE_PRODUCT = YES;
			};
			name = Release;
		};
/* End XCBuildConfiguration section */

/* Begin XCConfigurationList section */
		BuildConfigurationList /* Build configuration list for PBXProject "AnswerMasterPro" */ = {
			isa = XCConfigurationList;
			buildConfigurations = (
				Debug /* Debug */,
				Release /* Release */,
			);
			defaultConfigurationIsVisible = 0;
			defaultConfigurationName = Release;
		};
		TargetBuildConfigurationList /* Build configuration list for PBXNativeTarget "LittleStoneBookkeeping" */ = {
			isa = XCConfigurationList;
			buildConfigurations = (
				Debug /* Debug */,
				Release /* Release */,
			);
			defaultConfigurationIsVisible = 0;
			defaultConfigurationName = Release;
		};
/* End XCConfigurationList section */
	};
	rootObject = Project /* Project object */;
}
