// !$*UTF8*$!
{
	archiveVersion = 1;
	classes = {
	};
	objectVersion = 50;
	objects = {

/* Begin PBXBuildFile section */
		AddTransactionViewController_swift_build /* AddTransactionViewController.swift in Sources */ = {isa = PBXBuildFile; fileRef = AddTransactionViewController_swift /* AddTransactionViewController.swift */; };
		AndroidMirrorViewController_swift_build /* AndroidMirrorViewController.swift in Sources */ = {isa = PBXBuildFile; fileRef = AndroidMirrorViewController_swift /* AndroidMirrorViewController.swift */; };
		AppDelegate_swift_build /* AppDelegate.swift in Sources */ = {isa = PBXBuildFile; fileRef = AppDelegate_swift /* AppDelegate.swift */; };

		DataManager_swift_build /* DataManager.swift in Sources */ = {isa = PBXBuildFile; fileRef = DataManager_swift /* DataManager.swift */; };
		FeedbackViewController_swift_build /* FeedbackViewController.swift in Sources */ = {isa = PBXBuildFile; fileRef = FeedbackViewController_swift /* FeedbackViewController.swift */; };
		LaunchScreen_storyboard_build /* LaunchScreen.storyboard in Resources */ = {isa = PBXBuildFile; fileRef = LaunchScreen_storyboard /* LaunchScreen.storyboard */; };
		MainViewController_swift_build /* MainViewController.swift in Sources */ = {isa = PBXBuildFile; fileRef = MainViewController_swift /* MainViewController.swift */; };
		ProfileViewController_swift_build /* ProfileViewController.swift in Sources */ = {isa = PBXBuildFile; fileRef = ProfileViewController_swift /* ProfileViewController.swift */; };
		SceneDelegate_swift_build /* SceneDelegate.swift in Sources */ = {isa = PBXBuildFile; fileRef = SceneDelegate_swift /* SceneDelegate.swift */; };
		StoneBookkeepingViewController_swift_build /* StoneBookkeepingViewController.swift in Sources */ = {isa = PBXBuildFile; fileRef = StoneBookkeepingViewController_swift /* StoneBookkeepingViewController.swift */; };
/* End PBXBuildFile section */

/* Begin PBXFileReference section */
		AddTransactionViewController_swift /* AddTransactionViewController.swift */ = {isa = PBXFileReference; fileEncoding = 4; lastKnownFileType = sourcecode.swift; path = AddTransactionViewController.swift; sourceTree = "<group>"; };
		AndroidMirrorViewController_swift /* AndroidMirrorViewController.swift */ = {isa = PBXFileReference; fileEncoding = 4; lastKnownFileType = sourcecode.swift; path = AndroidMirrorViewController.swift; sourceTree = "<group>"; };
		AppDelegate_swift /* AppDelegate.swift */ = {isa = PBXFileReference; fileEncoding = 4; lastKnownFileType = sourcecode.swift; path = AppDelegate.swift; sourceTree = "<group>"; };
		DataManager_swift /* DataManager.swift */ = {isa = PBXFileReference; fileEncoding = 4; lastKnownFileType = sourcecode.swift; path = DataManager.swift; sourceTree = "<group>"; };
		FeedbackViewController_swift /* FeedbackViewController.swift */ = {isa = PBXFileReference; fileEncoding = 4; lastKnownFileType = sourcecode.swift; path = FeedbackViewController.swift; sourceTree = "<group>"; };
		LaunchScreen_storyboard /* LaunchScreen.storyboard */ = {isa = PBXFileReference; fileEncoding = 4; lastKnownFileType = file.storyboard; path = LaunchScreen.storyboard; sourceTree = "<group>"; };
		LittleStoneBookkeeping_app /* LittleStoneBookkeeping.app */ = {isa = PBXFileReference; explicitFileType = wrapper.application; includeInIndex = 0; path = LittleStoneBookkeeping.app; sourceTree = BUILT_PRODUCTS_DIR; };
		MainViewController_swift /* MainViewController.swift */ = {isa = PBXFileReference; fileEncoding = 4; lastKnownFileType = sourcecode.swift; path = MainViewController.swift; sourceTree = "<group>"; };
		ProfileViewController_swift /* ProfileViewController.swift */ = {isa = PBXFileReference; fileEncoding = 4; lastKnownFileType = sourcecode.swift; path = ProfileViewController.swift; sourceTree = "<group>"; };
		SceneDelegate_swift /* SceneDelegate.swift */ = {isa = PBXFileReference; fileEncoding = 4; lastKnownFileType = sourcecode.swift; path = SceneDelegate.swift; sourceTree = "<group>"; };
		StoneBookkeepingViewController_swift /* StoneBookkeepingViewController.swift */ = {isa = PBXFileReference; fileEncoding = 4; lastKnownFileType = sourcecode.swift; path = StoneBookkeepingViewController.swift; sourceTree = "<group>"; };
/* End PBXFileReference section */

/* Begin PBXFrameworksBuildPhase section */
		FrameworksBuildPhase /* Frameworks */ = {
			isa = PBXFrameworksBuildPhase;
			buildActionMask = 2147483647;
			files = (
			);
			runOnlyForDeploymentPostprocessing = 0;
		};
/* End PBXFrameworksBuildPhase section */

/* Begin PBXGroup section */
		35B0127A3A3309C54A433793 /* Frameworks */ = {
			isa = PBXGroup;
			children = (
			);
			name = Frameworks;
			sourceTree = "<group>";
		};
		Group = {
			isa = PBXGroup;
			children = (
				AppDelegate_swift /* AppDelegate.swift */,
				SceneDelegate_swift /* SceneDelegate.swift */,
				MainViewController_swift /* MainViewController.swift */,
				FeedbackViewController_swift /* FeedbackViewController.swift */,
				StoneBookkeepingViewController_swift /* StoneBookkeepingViewController.swift */,
				AddTransactionViewController_swift /* AddTransactionViewController.swift */,
				DataManager_swift /* DataManager.swift */,
				AndroidMirrorViewController_swift /* AndroidMirrorViewController.swift */,
				ProfileViewController_swift /* ProfileViewController.swift */,
				LaunchScreen_storyboard /* LaunchScreen.storyboard */,
				35B0127A3A3309C54A433793 /* Frameworks */,
			);
			path = LittleStoneBookkeeping;
			sourceTree = "<group>";
		};
		Products /* Products */ = {
			isa = PBXGroup;
			children = (
				LittleStoneBookkeeping_app /* LittleStoneBookkeeping.app */,
			);
			name = Products;
			sourceTree = "<group>";
		};
/* End PBXGroup section */

/* Begin PBXNativeTarget section */
		LittleStoneBookkeeping /* LittleStoneBookkeeping */ = {
			isa = PBXNativeTarget;
			buildConfigurationList = TargetBuildConfigurationList /* Build configuration list for PBXNativeTarget "LittleStoneBookkeeping" */;
			buildPhases = (
				SourcesBuildPhase /* Sources */,
				FrameworksBuildPhase /* Frameworks */,
				ResourcesBuildPhase /* Resources */,
			);
			buildRules = (
			);
			dependencies = (
			);
			name = LittleStoneBookkeeping;
			productName = LittleStoneBookkeeping;
			productReference = LittleStoneBookkeeping_app /* LittleStoneBookkeeping.app */;
			productType = "com.apple.product-type.application";
		};
/* End PBXNativeTarget section */

/* Begin PBXProject section */
		Project /* Project object */ = {
			isa = PBXProject;
			attributes = {
				LastSwiftUpdateCheck = 1200;
				LastUpgradeCheck = 1200;
				TargetAttributes = {
					LittleStoneBookkeeping = {
						CreatedOnToolsVersion = 12.0;
					};
				};
			};
			buildConfigurationList = BuildConfigurationList /* Build configuration list for PBXProject "AnswerMasterPro" */;
			compatibilityVersion = "Xcode 9.3";
			developmentRegion = en;
			hasScannedForEncodings = 0;
			knownRegions = (
				en,
				Base,
			);
			mainGroup = Group;
			productRefGroup = Products /* Products */;
			projectDirPath = "";
			projectRoot = "";
			targets = (
				LittleStoneBookkeeping /* LittleStoneBookkeeping */,
			);
		};
/* End PBXProject section */

/* Begin PBXResourcesBuildPhase section */
		ResourcesBuildPhase /* Resources */ = {
			isa = PBXResourcesBuildPhase;
			buildActionMask = 2147483647;
			files = (
				LaunchScreen_storyboard_build /* LaunchScreen.storyboard in Resources */,
			);
			runOnlyForDeploymentPostprocessing = 0;
		};
/* End PBXResourcesBuildPhase section */

/* Begin PBXShellScriptBuildPhase section */
/* End PBXShellScriptBuildPhase section */

/* Begin PBXSourcesBuildPhase section */
		SourcesBuildPhase /* Sources */ = {
			isa = PBXSourcesBuildPhase;
			buildActionMask = 2147483647;
			files = (
				AppDelegate_swift_build /* AppDelegate.swift in Sources */,
				SceneDelegate_swift_build /* SceneDelegate.swift in Sources */,
				MainViewController_swift_build /* MainViewController.swift in Sources */,
				FeedbackViewController_swift_build /* FeedbackViewController.swift in Sources */,
				StoneBookkeepingViewController_swift_build /* StoneBookkeepingViewController.swift in Sources */,
				AddTransactionViewController_swift_build /* AddTransactionViewController.swift in Sources */,
				DataManager_swift_build /* DataManager.swift in Sources */,
				AndroidMirrorViewController_swift_build /* AndroidMirrorViewController.swift in Sources */,
				ProfileViewController_swift_build /* ProfileViewController.swift in Sources */,
			);
			runOnlyForDeploymentPostprocessing = 0;
		};
/* End PBXSourcesBuildPhase section */

/* Begin XCBuildConfiguration section */
		Debug /* Debug */ = {
			isa = XCBuildConfiguration;
			buildSettings = {
				ALWAYS_SEARCH_USER_PATHS = NO;
				CLANG_ANALYZER_NONNULL = YES;
				CLANG_ANALYZER_NUMBER_OBJECT_CONVERSION = YES_AGGRESSIVE;
				CLANG_CXX_LANGUAGE_STANDARD = "gnu++14";
				CLANG_CXX_LIBRARY = "libc++";
				CLANG_ENABLE_MODULES = YES;
				CLANG_ENABLE_OBJC_ARC = YES;
				CLANG_ENABLE_OBJC_WEAK = YES;
				CLANG_WARN_BLOCK_CAPTURE_AUTORELEASING = YES;
				CLANG_WARN_BOOL_CONVERSION = YES;
				CLANG_WARN_COMMA = YES;
				CLANG_WARN_CONSTANT_CONVERSION = YES;
				CLANG_WARN_DEPRECATED_OBJC_IMPLEMENTATIONS = YES;
				CLANG_WARN_DIRECT_OBJC_ISA_USAGE = YES_ERROR;
				CLANG_WARN_DOCUMENTATION_COMMENTS = YES;
				CLANG_WARN_EMPTY_BODY = YES;
				CLANG_WARN_ENUM_CONVERSION = YES;
				CLANG_WARN_INFINITE_RECURSION = YES;
				CLANG_WARN_INT_CONVERSION = YES;
				CLANG_WARN_NON_LITERAL_NULL_CONVERSION = YES;
				CLANG_WARN_OBJC_IMPLICIT_RETAIN_SELF = YES;
				CLANG_WARN_OBJC_LITERAL_CONVERSION = YES;
				CLANG_WARN_OBJC_ROOT_CLASS = YES_ERROR;
				CLANG_WARN_RANGE_LOOP_ANALYSIS = YES;
				CLANG_WARN_STRICT_PROTOTYPES = YES;
				CLANG_WARN_SUSPICIOUS_MOVE = YES;
				CLANG_WARN_UNGUARDED_AVAILABILITY = YES_AGGRESSIVE;
				CLANG_WARN_UNREACHABLE_CODE = YES;
				CLANG_WARN__DUPLICATE_METHOD_MATCH = YES;
				COPY_PHASE_STRIP = NO;
				DEBUG_INFORMATION_FORMAT = dwarf;
				ENABLE_STRICT_OBJC_MSGSEND = YES;
				ENABLE_TESTABILITY = YES;
				GCC_C_LANGUAGE_STANDARD = gnu11;
				GCC_DYNAMIC_NO_PIC = NO;
				GCC_NO_COMMON_BLOCKS = YES;
				GCC_OPTIMIZATION_LEVEL = 0;
				GCC_PREPROCESSOR_DEFINITIONS = (
					"DEBUG=1",
					"$(inherited)",
				);
				GCC_WARN_64_TO_32_BIT_CONVERSION = YES;
				GCC_WARN_ABOUT_RETURN_TYPE = YES_ERROR;
				GCC_WARN_UNDECLARED_SELECTOR = YES;
				GCC_WARN_UNINITIALIZED_AUTOS = YES_AGGRESSIVE;
				GCC_WARN_UNUSED_FUNCTION = YES;
				GCC_WARN_UNUSED_VARIABLE = YES;
				INFOPLIST_FILE = LittleStoneBookkeeping/Info.plist;
				IPHONEOS_DEPLOYMENT_TARGET = 13.0;
				MTL_ENABLE_DEBUG_INFO = INCLUDE_SOURCE;
				MTL_FAST_MATH = YES;
				ONLY_ACTIVE_ARCH = YES;
				PRODUCT_BUNDLE_IDENTIFIER = com.example.LittleStoneBookkeeping;
				PRODUCT_NAME = LittleStoneBookkeeping;
				SDKROOT = iphoneos;
				SWIFT_ACTIVE_COMPILATION_CONDITIONS = DEBUG;
				SWIFT_OPTIMIZATION_LEVEL = "-Onone";
				SWIFT_VERSION = 5.0;
			};
			name = Debug;
		};
		Release /* Release */ = {
			isa = XCBuildConfiguration;
			buildSettings = {
				ALWAYS_SEARCH_USER_PATHS = NO;
				CLANG_ANALYZER_NONNULL = YES;
				CLANG_ANALYZER_NUMBER_OBJECT_CONVERSION = YES_AGGRESSIVE;
				CLANG_CXX_LANGUAGE_STANDARD = "gnu++14";
				CLANG_CXX_LIBRARY = "libc++";
				CLANG_ENABLE_MODULES = YES;
				CLANG_ENABLE_OBJC_ARC = YES;
				CLANG_ENABLE_OBJC_WEAK = YES;
				CLANG_WARN_BLOCK_CAPTURE_AUTORELEASING = YES;
				CLANG_WARN_BOOL_CONVERSION = YES;
				CLANG_WARN_COMMA = YES;
				CLANG_WARN_CONSTANT_CONVERSION = YES;
				CLANG_WARN_DEPRECATED_OBJC_IMPLEMENTATIONS = YES;
				CLANG_WARN_DIRECT_OBJC_ISA_USAGE = YES_ERROR;
				CLANG_WARN_DOCUMENTATION_COMMENTS = YES;
				CLANG_WARN_EMPTY_BODY = YES;
				CLANG_WARN_ENUM_CONVERSION = YES;
				CLANG_WARN_INFINITE_RECURSION = YES;
				CLANG_WARN_INT_CONVERSION = YES;
				CLANG_WARN_NON_LITERAL_NULL_CONVERSION = YES;
				CLANG_WARN_OBJC_IMPLICIT_RETAIN_SELF = YES;
				CLANG_WARN_OBJC_LITERAL_CONVERSION = YES;
				CLANG_WARN_OBJC_ROOT_CLASS = YES_ERROR;
				CLANG_WARN_RANGE_LOOP_ANALYSIS = YES;
				CLANG_WARN_STRICT_PROTOTYPES = YES;
				CLANG_WARN_SUSPICIOUS_MOVE = YES;
				CLANG_WARN_UNGUARDED_AVAILABILITY = YES_AGGRESSIVE;
				CLANG_WARN_UNREACHABLE_CODE = YES;
				CLANG_WARN__DUPLICATE_METHOD_MATCH = YES;
				COPY_PHASE_STRIP = NO;
				DEBUG_INFORMATION_FORMAT = "dwarf-with-dsym";
				ENABLE_NS_ASSERTIONS = NO;
				ENABLE_STRICT_OBJC_MSGSEND = YES;
				GCC_C_LANGUAGE_STANDARD = gnu11;
				GCC_NO_COMMON_BLOCKS = YES;
				GCC_WARN_64_TO_32_BIT_CONVERSION = YES;
				GCC_WARN_ABOUT_RETURN_TYPE = YES_ERROR;
				GCC_WARN_UNDECLARED_SELECTOR = YES;
				GCC_WARN_UNINITIALIZED_AUTOS = YES_AGGRESSIVE;
				GCC_WARN_UNUSED_FUNCTION = YES;
				GCC_WARN_UNUSED_VARIABLE = YES;
				INFOPLIST_FILE = LittleStoneBookkeeping/Info.plist;
				IPHONEOS_DEPLOYMENT_TARGET = 13.0;
				MTL_ENABLE_DEBUG_INFO = NO;
				MTL_FAST_MATH = YES;
				PRODUCT_BUNDLE_IDENTIFIER = com.example.LittleStoneBookkeeping;
				PRODUCT_NAME = LittleStoneBookkeeping;
				SDKROOT = iphoneos;
				SWIFT_COMPILATION_MODE = wholemodule;
				SWIFT_VERSION = 5.0;
				VALIDATE_PRODUCT = YES;
			};
			name = Release;
		};
/* End XCBuildConfiguration section */

/* Begin XCConfigurationList section */
		BuildConfigurationList /* Build configuration list for PBXProject "AnswerMasterPro" */ = {
			isa = XCConfigurationList;
			buildConfigurations = (
				Debug /* Debug */,
				Release /* Release */,
			);
			defaultConfigurationIsVisible = 0;
			defaultConfigurationName = Release;
		};
		TargetBuildConfigurationList /* Build configuration list for PBXNativeTarget "LittleStoneBookkeeping" */ = {
			isa = XCConfigurationList;
			buildConfigurations = (
				Debug /* Debug */,
				Release /* Release */,
			);
			defaultConfigurationIsVisible = 0;
			defaultConfigurationName = Release;
		};
/* End XCConfigurationList section */
	};
	rootObject = Project /* Project object */;
}
